
Microsoft Visual Studio Solution File, Format Version 12.00
# Visual Studio Version 17
VisualStudioVersion = 17.11.35222.181
MinimumVisualStudioVersion = 10.0.40219.1
Project("{FAE04EC0-301F-11D3-BF4B-00C04F79EFBC}") = "ModernApplicance", "ModernApplicance.csproj", "{87687BD0-1F0C-4D76-B9C9-30FCDC279BF2}"
EndProject
Global
	GlobalSection(SolutionConfigurationPlatforms) = preSolution
		Debug|Any CPU = Debug|Any CPU
		Release|Any CPU = Release|Any CPU
	EndGlobalSection
	GlobalSection(ProjectConfigurationPlatforms) = postSolution
		{87687BD0-1F0C-4D76-B9C9-30FCDC279BF2}.Debug|Any CPU.ActiveCfg = Debug|Any CPU
		{87687BD0-1F0C-4D76-B9C9-30FCDC279BF2}.Debug|Any CPU.Build.0 = Debug|Any CPU
		{87687BD0-1F0C-4D76-B9C9-30FCDC279BF2}.Release|Any CPU.ActiveCfg = Release|Any CPU
		{87687BD0-1F0C-4D76-B9C9-30FCDC279BF2}.Release|Any CPU.Build.0 = Release|Any CPU
	EndGlobalSection
	GlobalSection(SolutionProperties) = preSolution
		HideSolutionNode = FALSE
	EndGlobalSection
	GlobalSection(ExtensibilityGlobals) = postSolution
		SolutionGuid = {4E2E421B-565B-4597-A27E-ED719F269C5C}
	EndGlobalSection
EndGlobal
